{
    "_meta": {
        "hash": {
            "sha256": "8fe5f1ff0c34de85235505ab06e755c463571797f676b1b032060a952dd60b62"
        },
        "pipfile-spec": 6,
        "requires": {
            "python_version": "3.6"
        },
        "sources": [
            {
                "name": "pypi",
                "url": "https://pypi.org/simple",
                "verify_ssl": true
            }
        ]
    },
    "default": {
        "aiofiles": {
            "hashes": [
                "sha256:021ea0ba314a86027c166ecc4b4c07f2d40fc0f4b3a950d1868a0f2571c2bbee",
                "sha256:1e644c2573f953664368de28d2aa4c89dfd64550429d0c27c4680ccd3aa4985d"
            ],
            "version": "==0.4.0"
        },
        "aiohttp": {
            "hashes": [
                "sha256:00d198585474299c9c3b4f1d5de1a576cc230d562abc5e4a0e81d71a20a6ca55",
                "sha256:0155af66de8c21b8dba4992aaeeabf55503caefae00067a3b1139f86d0ec50ed",
                "sha256:09654a9eca62d1bd6d64aa44db2498f60a5c1e0ac4750953fdd79d5c88955e10",
                "sha256:199f1d106e2b44b6dacdf6f9245493c7d716b01d0b7fbe1959318ba4dc64d1f5",
                "sha256:296f30dedc9f4b9e7a301e5cc963012264112d78a1d3094cd83ef148fdf33ca1",
                "sha256:368ed312550bd663ce84dc4b032a962fcb3c7cae099dbbd48663afc305e3b939",
                "sha256:40d7ea570b88db017c51392349cf99b7aefaaddd19d2c78368aeb0bddde9d390",
                "sha256:629102a193162e37102c50713e2e31dc9a2fe7ac5e481da83e5bb3c0cee700aa",
                "sha256:6d5ec9b8948c3d957e75ea14d41e9330e1ac3fed24ec53766c780f82805140dc",
                "sha256:87331d1d6810214085a50749160196391a712a13336cd02ce1c3ea3d05bcf8d5",
                "sha256:9a02a04bbe581c8605ac423ba3a74999ec9d8bce7ae37977a3d38680f5780b6d",
                "sha256:9c4c83f4fa1938377da32bc2d59379025ceeee8e24b89f72fcbccd8ca22dc9bf",
                "sha256:9cddaff94c0135ee627213ac6ca6d05724bfe6e7a356e5e09ec57bd3249510f6",
                "sha256:a25237abf327530d9561ef751eef9511ab56fd9431023ca6f4803f1994104d72",
                "sha256:a5cbd7157b0e383738b8e29d6e556fde8726823dae0e348952a61742b21aeb12",
                "sha256:a97a516e02b726e089cffcde2eea0d3258450389bbac48cbe89e0f0b6e7b0366",
                "sha256:acc89b29b5f4e2332d65cd1b7d10c609a75b88ef8925d487a611ca788432dfa4",
                "sha256:b05bd85cc99b06740aad3629c2585bda7b83bd86e080b44ba47faf905fdf1300",
                "sha256:c2bec436a2b5dafe5eaeb297c03711074d46b6eb236d002c13c42f25c4a8ce9d",
                "sha256:cc619d974c8c11fe84527e4b5e1c07238799a8c29ea1c1285149170524ba9303",
                "sha256:d4392defd4648badaa42b3e101080ae3313e8f4787cb517efd3f5b8157eaefd6",
                "sha256:e1c3c582ee11af7f63a34a46f0448fca58e59889396ffdae1f482085061a2889"
            ],
            "version": "==3.5.4"
        },
        "apispec": {
            "hashes": [
                "sha256:1661bc574b1579ef72883aafd87c0178d1c129659cd4f1c76a68fcc852e1b4ed",
                "sha256:3ad66b1aa0a330db71ab424ca17b946d80ef5923d28da5ccdad692a7937efb9e"
            ],
            "index": "pypi",
            "version": "==0.39.0"
        },
        "async-generator": {
            "hashes": [
                "sha256:01c7bf666359b4967d2cda0000cc2e4af16a0ae098cbffcb8472fb9e8ad6585b",
                "sha256:6ebb3d106c12920aaae42ccb6f787ef5eefdcdd166ea3d628fa8476abe712144"
            ],
            "version": "==1.10"
        },
        "async-timeout": {
            "hashes": [
                "sha256:0c3c816a028d47f659d6ff5c745cb2acf1f966da1fe5c19c77a70282b25f4c5f",
                "sha256:4291ca197d287d274d0b6cb5d6f8f8f82d434ed288f962539ff18cc9012f9ea3"
            ],
            "version": "==3.0.1"
        },
        "atomicwrites": {
            "hashes": [
                "sha256:03472c30eb2c5d1ba9227e4c2ca66ab8287fbfbbda3888aa93dc2e28fc6811b4",
                "sha256:75a9445bac02d8d058d5e1fe689654ba5a6556a1dfd8ce6ec55a0ed79866cfa6"
            ],
            "version": "==1.3.0"
        },
        "attrs": {
            "hashes": [
                "sha256:69c0dbf2ed392de1cb5ec704444b08a5ef81680a61cb899dc08127123af36a79",
                "sha256:f0b870f674851ecbfbbbd364d6b5cbdff9dcedbc7f3f5e18a6891057f21fe399"
            ],
            "version": "==19.1.0"
        },
        "blinker": {
            "hashes": [
                "sha256:471aee25f3992bd325afa3772f1063dbdbbca947a041b8b89466dc00d606f8b6"
            ],
            "index": "pypi",
            "version": "==1.4"
        },
        "chardet": {
            "hashes": [
                "sha256:84ab92ed1c4d4f16916e05906b6b75a6c0fb5db821cc65e70cbd64a3e2a5eaae",
                "sha256:fc323ffcaeaed0e0a02bf4d117757b98aed530d9ed4531e3e15460124c106691"
            ],
            "version": "==3.0.4"
        },
        "coverage": {
            "hashes": [
                "sha256:08907593569fe59baca0bf152c43f3863201efb6113ecb38ce7e97ce339805a6",
                "sha256:0be0f1ed45fc0c185cfd4ecc19a1d6532d72f86a2bac9de7e24541febad72650",
                "sha256:141f08ed3c4b1847015e2cd62ec06d35e67a3ac185c26f7635f4406b90afa9c5",
                "sha256:19e4df788a0581238e9390c85a7a09af39c7b539b29f25c89209e6c3e371270d",
                "sha256:23cc09ed395b03424d1ae30dcc292615c1372bfba7141eb85e11e50efaa6b351",
                "sha256:245388cda02af78276b479f299bbf3783ef0a6a6273037d7c60dc73b8d8d7755",
                "sha256:331cb5115673a20fb131dadd22f5bcaf7677ef758741312bee4937d71a14b2ef",
                "sha256:386e2e4090f0bc5df274e720105c342263423e77ee8826002dcffe0c9533dbca",
                "sha256:3a794ce50daee01c74a494919d5ebdc23d58873747fa0e288318728533a3e1ca",
                "sha256:60851187677b24c6085248f0a0b9b98d49cba7ecc7ec60ba6b9d2e5574ac1ee9",
                "sha256:63a9a5fc43b58735f65ed63d2cf43508f462dc49857da70b8980ad78d41d52fc",
                "sha256:6b62544bb68106e3f00b21c8930e83e584fdca005d4fffd29bb39fb3ffa03cb5",
                "sha256:6ba744056423ef8d450cf627289166da65903885272055fb4b5e113137cfa14f",
                "sha256:7494b0b0274c5072bddbfd5b4a6c6f18fbbe1ab1d22a41e99cd2d00c8f96ecfe",
                "sha256:826f32b9547c8091679ff292a82aca9c7b9650f9fda3e2ca6bf2ac905b7ce888",
                "sha256:93715dffbcd0678057f947f496484e906bf9509f5c1c38fc9ba3922893cda5f5",
                "sha256:9a334d6c83dfeadae576b4d633a71620d40d1c379129d587faa42ee3e2a85cce",
                "sha256:af7ed8a8aa6957aac47b4268631fa1df984643f07ef00acd374e456364b373f5",
                "sha256:bf0a7aed7f5521c7ca67febd57db473af4762b9622254291fbcbb8cd0ba5e33e",
                "sha256:bf1ef9eb901113a9805287e090452c05547578eaab1b62e4ad456fcc049a9b7e",
                "sha256:c0afd27bc0e307a1ffc04ca5ec010a290e49e3afbe841c5cafc5c5a80ecd81c9",
                "sha256:dd579709a87092c6dbee09d1b7cfa81831040705ffa12a1b248935274aee0437",
                "sha256:df6712284b2e44a065097846488f66840445eb987eb81b3cc6e4149e7b6982e1",
                "sha256:e07d9f1a23e9e93ab5c62902833bf3e4b1f65502927379148b6622686223125c",
                "sha256:e2ede7c1d45e65e209d6093b762e98e8318ddeff95317d07a27a2140b80cfd24",
                "sha256:e4ef9c164eb55123c62411f5936b5c2e521b12356037b6e1c2617cef45523d47",
                "sha256:eca2b7343524e7ba246cab8ff00cab47a2d6d54ada3b02772e908a45675722e2",
                "sha256:eee64c616adeff7db37cc37da4180a3a5b6177f5c46b187894e633f088fb5b28",
                "sha256:ef824cad1f980d27f26166f86856efe11eff9912c4fed97d3804820d43fa550c",
                "sha256:efc89291bd5a08855829a3c522df16d856455297cf35ae827a37edac45f466a7",
                "sha256:fa964bae817babece5aa2e8c1af841bebb6d0b9add8e637548809d040443fee0",
                "sha256:ff37757e068ae606659c28c3bd0d923f9d29a85de79bf25b2b34b148473b5025"
            ],
            "version": "==4.5.4"
        },
        "httptools": {
            "hashes": [
                "sha256:e00cbd7ba01ff748e494248183abc6e153f49181169d8a3d41bb49132ca01dfc"
            ],
            "version": "==0.0.13"
        },
        "idna": {
            "hashes": [
                "sha256:c357b3f628cf53ae2c4c05627ecc484553142ca23264e593d327bcde5e9c3407",
                "sha256:ea8b7f6188e6fa117537c3df7da9fc686d485087abf6ac197f9c46432f7e4a3c"
            ],
            "version": "==2.8"
        },
        "idna-ssl": {
            "hashes": [
                "sha256:a933e3bb13da54383f9e8f35dc4f9cb9eb9b3b78c6b36f311254d6d0d92c6c7c"
            ],
            "markers": "python_version < '3.7'",
            "version": "==1.1.0"
        },
        "importlib-metadata": {
            "hashes": [
                "sha256:23d3d873e008a513952355379d93cbcab874c58f4f034ff657c7a87422fa64e8",
                "sha256:80d2de76188eabfbfcf27e6a37342c2827801e59c4cc14b0371c56fed43820e3"
            ],
            "markers": "python_version < '3.8'",
            "version": "==0.19"
        },
        "marshmallow": {
            "hashes": [
                "sha256:0f3776aa5b5405f6000c9304841abe6d4d708bb08207fc89a5ecd86622ec9e54",
                "sha256:57a107cfd58e9ed52dd355c65444e983d064fdcf63214a487d7305a2d24680db"
            ],
            "index": "pypi",
            "version": "==2.15.4"
        },
        "marshmallow-mongoengine": {
            "hashes": [
                "sha256:6d09187b551de2b28b549b9b62f521529f45e1be8d58e599f3bd8cda5bb91258"
            ],
            "index": "pypi",
            "version": "==0.9.1"
        },
        "mongoengine": {
            "hashes": [
                "sha256:9301ca84ada9377a200a50541f9be7d5308081bf2112049d00e1dd163f80b940",
                "sha256:fa3e73c966fca2b814cc1103ac4f55bcca7aae05028b112ef0cc8b321ee4a2f7"
            ],
            "version": "==0.18.2"
        },
        "more-itertools": {
            "hashes": [
                "sha256:409cd48d4db7052af495b09dec721011634af3753ae1ef92d2b32f73a745f832",
                "sha256:92b8c4b06dac4f0611c0729b2f2ede52b2e1bac1ab48f089c7ddc12e26bb60c4"
            ],
            "version": "==7.2.0"
        },
        "multidict": {
            "hashes": [
                "sha256:024b8129695a952ebd93373e45b5d341dbb87c17ce49637b34000093f243dd4f",
                "sha256:041e9442b11409be5e4fc8b6a97e4bcead758ab1e11768d1e69160bdde18acc3",
                "sha256:045b4dd0e5f6121e6f314d81759abd2c257db4634260abcfe0d3f7083c4908ef",
                "sha256:047c0a04e382ef8bd74b0de01407e8d8632d7d1b4db6f2561106af812a68741b",
                "sha256:068167c2d7bbeebd359665ac4fff756be5ffac9cda02375b5c5a7c4777038e73",
                "sha256:148ff60e0fffa2f5fad2eb25aae7bef23d8f3b8bdaf947a65cdbe84a978092bc",
                "sha256:1d1c77013a259971a72ddaa83b9f42c80a93ff12df6a4723be99d858fa30bee3",
                "sha256:1d48bc124a6b7a55006d97917f695effa9725d05abe8ee78fd60d6588b8344cd",
                "sha256:31dfa2fc323097f8ad7acd41aa38d7c614dd1960ac6681745b6da124093dc351",
                "sha256:34f82db7f80c49f38b032c5abb605c458bac997a6c3142e0d6c130be6fb2b941",
                "sha256:3d5dd8e5998fb4ace04789d1d008e2bb532de501218519d70bb672c4c5a2fc5d",
                "sha256:4a6ae52bd3ee41ee0f3acf4c60ceb3f44e0e3bc52ab7da1c2b2aa6703363a3d1",
                "sha256:4b02a3b2a2f01d0490dd39321c74273fed0568568ea0e7ea23e02bd1fb10a10b",
                "sha256:4b843f8e1dd6a3195679d9838eb4670222e8b8d01bc36c9894d6c3538316fa0a",
                "sha256:5de53a28f40ef3c4fd57aeab6b590c2c663de87a5af76136ced519923d3efbb3",
                "sha256:61b2b33ede821b94fa99ce0b09c9ece049c7067a33b279f343adfe35108a4ea7",
                "sha256:6a3a9b0f45fd75dc05d8e93dc21b18fc1670135ec9544d1ad4acbcf6b86781d0",
                "sha256:76ad8e4c69dadbb31bad17c16baee61c0d1a4a73bed2590b741b2e1a46d3edd0",
                "sha256:7ba19b777dc00194d1b473180d4ca89a054dd18de27d0ee2e42a103ec9b7d014",
                "sha256:7c1b7eab7a49aa96f3db1f716f0113a8a2e93c7375dd3d5d21c4941f1405c9c5",
                "sha256:7fc0eee3046041387cbace9314926aa48b681202f8897f8bff3809967a049036",
                "sha256:8ccd1c5fff1aa1427100ce188557fc31f1e0a383ad8ec42c559aabd4ff08802d",
                "sha256:8e08dd76de80539d613654915a2f5196dbccc67448df291e69a88712ea21e24a",
                "sha256:c18498c50c59263841862ea0501da9f2b3659c00db54abfbf823a80787fde8ce",
                "sha256:c49db89d602c24928e68c0d510f4fcf8989d77defd01c973d6cbe27e684833b1",
                "sha256:ce20044d0317649ddbb4e54dab3c1bcc7483c78c27d3f58ab3d0c7e6bc60d26a",
                "sha256:d1071414dd06ca2eafa90c85a079169bfeb0e5f57fd0b45d44c092546fcd6fd9",
                "sha256:d3be11ac43ab1a3e979dac80843b42226d5d3cccd3986f2e03152720a4297cd7",
                "sha256:db603a1c235d110c860d5f39988ebc8218ee028f07a7cbc056ba6424372ca31b"
            ],
            "version": "==4.5.2"
        },
        "packaging": {
            "hashes": [
                "sha256:a7ac867b97fdc07ee80a8058fe4435ccd274ecc3b0ed61d852d7d53055528cf9",
                "sha256:c491ca87294da7cc01902edbe30a5bc6c4c28172b5138ab4e4aa1b9d7bfaeafe"
            ],
            "version": "==19.1"
        },
        "pluggy": {
            "hashes": [
                "sha256:0825a152ac059776623854c1543d65a4ad408eb3d33ee114dff91e57ec6ae6fc",
                "sha256:b9817417e95936bf75d85d3f8767f7df6cdde751fc40aed3bb3074cbcb77757c"
            ],
            "version": "==0.12.0"
        },
        "prometheus-client": {
            "hashes": [
                "sha256:71cd24a2b3eb335cb800c7159f423df1bd4dcd5171b234be15e3f31ec9f622da"
            ],
            "version": "==0.7.1"
        },
        "psutil": {
            "hashes": [
                "sha256:028a1ec3c6197eadd11e7b46e8cc2f0720dc18ac6d7aabdb8e8c0d6c9704f000",
                "sha256:503e4b20fa9d3342bcf58191bbc20a4a5ef79ca7df8972e6197cc14c5513e73d",
                "sha256:863a85c1c0a5103a12c05a35e59d336e1d665747e531256e061213e2e90f63f3",
                "sha256:954f782608bfef9ae9f78e660e065bd8ffcfaea780f9f2c8a133bb7cb9e826d7",
                "sha256:b6e08f965a305cd84c2d07409bc16fbef4417d67b70c53b299116c5b895e3f45",
                "sha256:bc96d437dfbb8865fc8828cf363450001cb04056bbdcdd6fc152c436c8a74c61",
                "sha256:cf49178021075d47c61c03c0229ac0c60d5e2830f8cab19e2d88e579b18cdb76",
                "sha256:d5350cb66690915d60f8b233180f1e49938756fb2d501c93c44f8fb5b970cc63",
                "sha256:eba238cf1989dfff7d483c029acb0ac4fcbfc15de295d682901f0e2497e6781a"
            ],
            "version": "==5.6.3"
        },
        "py": {
            "hashes": [
                "sha256:64f65755aee5b381cea27766a3a147c3f15b9b6b9ac88676de66ba2ae36793fa",
                "sha256:dc639b046a6e2cff5bbe40194ad65936d6ba360b52b3c3fe1d08a82dd50b5e53"
            ],
            "version": "==1.8.0"
        },
        "pymongo": {
            "hashes": [
                "sha256:09f8196e1cb081713aa3face08d1806dc0a5dd64cb9f67fefc568519253a7ff2",
                "sha256:1be549c0ce2ba8242c149156ae2064b12a5d4704448d49f630b4910606efd474",
                "sha256:1f9fe869e289210250cba4ea20fbd169905b1793e1cd2737f423e107061afa98",
                "sha256:3653cea82d1e35edd0a2355150daf8a27ebf12cf55182d5ad1046bfa288f5140",
                "sha256:4249c6ba45587b959292a727532826c5032d59171f923f7f823788f413c2a5a3",
                "sha256:4ff8f5e7c0a78983c1ee07894fff1b21c0e0ad3a122d9786cc3745fd60e4a2ce",
                "sha256:56b29c638ab924716b48a3e94e3d7ac00b04acec1daa8190c36d61fc714c3629",
                "sha256:56ec9358bbfe5ae3b25e785f8a14619d6799c855a44734c9098bb457174019bf",
                "sha256:5dca250cbf1183c3e7b7b18c882c2b2199bfb20c74c4c68dbf11596808a296da",
                "sha256:61101d1cc92881fac1f9ac7e99b033062f4c210178dc33193c8f5567feecb069",
                "sha256:86624c0205a403fb4fbfedef79c5b4ab27e21fd018fdb6a27cf03b3c32a9e2b9",
                "sha256:88ac09e1b197c3b4531e43054d49c022a3ea1281431b2f4980abafa35d2a5ce2",
                "sha256:8b0339809b12ea292d468524dd1777f1a9637d9bdc0353a9261b88f82537d606",
                "sha256:93dbf7388f6bf9af48dbb32f265b75b3dbc743a7a2ce98e44c88c049c58d85d3",
                "sha256:9b705daec636c560dd2d63935f428a6b3cddfe903fffc0f349e0e91007c893d6",
                "sha256:a090a819fe6fefadc2901d3911c07c76c0935ec5c790a50e9f3c3c47bacd5978",
                "sha256:a102b346f1921237eaa9a31ee89eda57ad3c3973d79be3a456d92524e7df8fec",
                "sha256:a13363869f2f36291d6367069c65d51d7b8d1b2fb410266b0b6b1f3c90d6deb0",
                "sha256:a409a43c76da50881b70cc9ee70a1744f882848e8e93a68fb434254379777fa3",
                "sha256:a76475834a978058425b0163f1bad35a5f70e45929a543075633c3fc1df564c5",
                "sha256:ad474e93525baa6c58d75d63a73143af24c9f93c8e26e8d382f32c4da637901a",
                "sha256:b268c7fa03ac77a8662fab3b2ab0be4beecb82f60f4c24b584e69565691a107f",
                "sha256:cca4e1ab5ba0cd7877d3938167ee8ae9c2986cc0e10d3dcc3243d664d3a83fec",
                "sha256:cef61de3f0f4441ec40266ff2ab42e5c16eaba1dc1fc6e1036f274621c52adc1",
                "sha256:e28153b5d5ca33d4ba0c3bbc0e1ff161b9016e5e5f3f8ca10d6fa49106eb9e04",
                "sha256:f30d7b37804daf0bab1143abc71666c630d7e270f5c14c5a7c300a6699c21108",
                "sha256:f70f0133301cccf9bfd68fd20f67184ef991be578b646e78441106f9e27cc44d",
                "sha256:fa75c21c1d82f20cce62f6fc4a68c2b0f33572ab406df1b17cd77a947d0b2993"
            ],
            "version": "==3.9.0"
        },
        "pyparsing": {
            "hashes": [
                "sha256:6f98a7b9397e206d78cc01df10131398f1c8b8510a2f4d97d9abd82e1aacdd80",
                "sha256:d9338df12903bbf5d65a0e4e87c2161968b10d2e489652bb47001d82a9b028b4"
            ],
            "version": "==2.4.2"
        },
        "pytest": {
            "hashes": [
                "sha256:95b1f6db806e5b1b5b443efeb58984c24945508f93a866c1719e1a507a957d7c",
                "sha256:c3d5020755f70c82eceda3feaf556af9a341334414a8eca521a18f463bcead88"
            ],
            "version": "==5.1.1"
        },
        "pytest-cov": {
            "hashes": [
                "sha256:513c425e931a0344944f84ea47f3956be0e416d95acbd897a44970c8d926d5d7",
                "sha256:e360f048b7dae3f2f2a9a4d067b2dd6b6a015d384d1577c994a43f3f7cbad762"
            ],
            "index": "pypi",
            "version": "==2.6.0"
        },
        "pytest-sanic": {
            "hashes": [
                "sha256:457ca7fc36db978b4a58065549c815dae0c6a86bb1ca24de575dd3b7b5130346",
                "sha256:99f4f1e9ea0583b827439596413daa51d7fb470d9787934f90f3f7da7e16e3e9"
            ],
            "index": "pypi",
            "version": "==0.1.13"
        },
        "pyyaml": {
            "hashes": [
                "sha256:1adecc22f88d38052fb787d959f003811ca858b799590a5eaa70e63dca50308c",
                "sha256:436bc774ecf7c103814098159fbb84c2715d25980175292c648f2da143909f95",
                "sha256:460a5a4248763f6f37ea225d19d5c205677d8d525f6a83357ca622ed541830c2",
                "sha256:5a22a9c84653debfbf198d02fe592c176ea548cccce47553f35f466e15cf2fd4",
                "sha256:7a5d3f26b89d688db27822343dfa25c599627bc92093e788956372285c6298ad",
                "sha256:9372b04a02080752d9e6f990179a4ab840227c6e2ce15b95e1278456664cf2ba",
                "sha256:a5dcbebee834eaddf3fa7366316b880ff4062e4bcc9787b78c7fbb4a26ff2dd1",
                "sha256:aee5bab92a176e7cd034e57f46e9df9a9862a71f8f37cad167c6fc74c65f5b4e",
                "sha256:c51f642898c0bacd335fc119da60baae0824f2cde95b0330b56c0553439f0673",
                "sha256:c68ea4d3ba1705da1e0d85da6684ac657912679a649e8868bd850d2c299cce13",
                "sha256:e23d0cc5299223dcc37885dae624f382297717e459ea24053709675a976a3e19"
            ],
            "index": "pypi",
            "version": "==5.1"
        },
        "raven": {
            "hashes": [
                "sha256:3fd787d19ebb49919268f06f19310e8112d619ef364f7989246fc8753d469888",
                "sha256:95f44f3ea2c1b176d5450df4becdb96c15bf2632888f9ab193e9dd22300ce46a"
            ],
            "index": "pypi",
            "version": "==6.9.0"
        },
        "raven-aiohttp": {
            "hashes": [
                "sha256:1444a49c93a85b8bb57c6ee649e512368dce7a26ad64ac3a01d86aa5669d77f3",
                "sha256:6a34b6a9841ad0fd827eeb158edb5826c5c5bd7babe2cde2a3f23eb85313af04"
            ],
            "version": "==0.7.0"
        },
        "sanic": {
            "hashes": [
                "sha256:18a3bd729093ac93a245849c44045c505a11e6d36da5bf231cb986bfb1e3c14c",
                "sha256:22b1a6f1dc55db8a136335cb0961afa95040ca78aa8c78425a40d91e8618e60e"
            ],
            "index": "pypi",
            "version": "==0.7.0"
        },
        "sanic-prometheus": {
            "hashes": [
                "sha256:7a746c6db5bb4df01c2108c2b51e0199dabe06960174bde7ddb7f0c13b13ca4e",
                "sha256:b15c69464e23bf4c6127d7534f7d627506292707b56a9ba48a1f07a9bbd13a4d"
            ],
            "index": "pypi",
            "version": "==0.1.4"
        },
        "sanic-sentry": {
            "hashes": [
                "sha256:3231d71a5537c988758f7e8148d3db1ed654d730bb113760b31a204bb1f7da3d"
            ],
            "index": "pypi",
            "version": "==0.1.7"
        },
        "six": {
            "hashes": [
                "sha256:3350809f0555b11f552448330d0b52d5f24c91a322ea4a15ef22629740f3761c",
                "sha256:d16a0141ec1a18405cd4ce8b4613101da75da0e9a7aec5bdd4fa804d0e0eba73"
            ],
            "version": "==1.12.0"
        },
        "typing-extensions": {
            "hashes": [
                "sha256:2ed632b30bb54fc3941c382decfd0ee4148f5c591651c9272473fea2c6397d95",
                "sha256:b1edbbf0652660e32ae780ac9433f4231e7339c7f9a8057d0f042fcbcea49b87",
                "sha256:d8179012ec2c620d3791ca6fe2bf7979d979acdbef1fca0bc56b37411db682ed"
            ],
            "markers": "python_version < '3.7'",
            "version": "==3.7.4"
        },
        "ujson": {
            "hashes": [
                "sha256:f66073e5506e91d204ab0c614a148d5aa938bdbf104751be66f8ad7a222f5f86"
            ],
            "version": "==1.35"
        },
        "uvloop": {
            "hashes": [
                "sha256:0deb6c97c5807c792dd9024bab90e6ca49e981862103cb2ea37b430c1ca0a267",
                "sha256:155b34d513655e753d07f499a7e811970e2d397f240dfcbec0b32a9587159c99",
                "sha256:1df3ddfa280206e9999ae1c777a20836eb895bcec6dc9fae2cbb6eecfafb099e",
                "sha256:5b19361c8767e1dc61f6367f948d4f3dc5504b9f2eba488641b3d26ec14498ba",
                "sha256:942cd07035510b149d6160796f4e972137130ae953871b6a98c2cf5d5ab68c2e",
                "sha256:c63b6c0bf33144c604dd72f7eecf2d3a3ac7405c503c67bd98128cf306efe18a",
                "sha256:e698a20a3b4ccb380d207f9d491d4085d7c38d364f6a0bae98684a1612a9607a"
            ],
            "version": "==0.13.0"
        },
        "wcwidth": {
            "hashes": [
                "sha256:3df37372226d6e63e1b1e1eda15c594bca98a22d33a23832a90998faa96bc65e",
                "sha256:f4ebe71925af7b40a864553f761ed559b43544f8f71746c2d756c7fe788ade7c"
            ],
            "version": "==0.1.7"
        },
        "websockets": {
            "hashes": [
                "sha256:049e694abe33f8a1d99969fee7bfc0ae6761f7fd5f297c58ea933b27dd6805f2",
                "sha256:73ce69217e4655783ec72ce11c151053fcbd5b837cc39de7999e19605182e28a",
                "sha256:83e63aa73331b9ca21af61df8f115fb5fbcba3f281bee650a4ad16a40cd1ef15",
                "sha256:882a7266fa867a2ebb2c0baaa0f9159cabf131cf18c1b4270d79ad42f9208dc5",
                "sha256:8c77f7d182a6ea2a9d09c2612059f3ad859a90243e899617137ee3f6b7f2b584",
                "sha256:8d7a20a2f97f1e98c765651d9fb9437201a9ccc2c70e94b0270f1c5ef29667a3",
                "sha256:a7affaeffbc5d55681934c16bb6b8fc82bb75b175e7fd4dcca798c938bde8dda",
                "sha256:c82e286555f839846ef4f0fdd6910769a577952e1e26aa8ee7a6f45f040e3c2b",
                "sha256:e906128532a14b9d264a43eb48f9b3080d53a9bda819ab45bf56b8039dc606ac",
                "sha256:e9102043a81cdc8b7c8032ff4bce39f6229e4ac39cb2010946c912eeb84e2cb6",
                "sha256:f5cb2683367e32da6a256b60929a3af9c29c212b5091cf5bace9358d03011bf5"
            ],
            "version": "==8.0.2"
        },
        "yarl": {
            "hashes": [
                "sha256:024ecdc12bc02b321bc66b41327f930d1c2c543fa9a561b39861da9388ba7aa9",
                "sha256:2f3010703295fbe1aec51023740871e64bb9664c789cba5a6bdf404e93f7568f",
                "sha256:3890ab952d508523ef4881457c4099056546593fa05e93da84c7250516e632eb",
                "sha256:3e2724eb9af5dc41648e5bb304fcf4891adc33258c6e14e2a7414ea32541e320",
                "sha256:5badb97dd0abf26623a9982cd448ff12cb39b8e4c94032ccdedf22ce01a64842",
                "sha256:73f447d11b530d860ca1e6b582f947688286ad16ca42256413083d13f260b7a0",
                "sha256:7ab825726f2940c16d92aaec7d204cfc34ac26c0040da727cf8ba87255a33829",
                "sha256:b25de84a8c20540531526dfbb0e2d2b648c13fd5dd126728c496d7c3fea33310",
                "sha256:c6e341f5a6562af74ba55205dbd56d248daf1b5748ec48a0200ba227bb9e33f4",
                "sha256:c9bb7c249c4432cd47e75af3864bc02d26c9594f49c82e2a28624417f0ae63b8",
                "sha256:e060906c0c585565c718d1c3841747b61c5439af2211e185f6739a9412dfbde1"
            ],
            "version": "==1.3.0"
        },
        "zipp": {
            "hashes": [
                "sha256:4970c3758f4e89a7857a973b1e2a5d75bcdc47794442f2e2dd4fe8e0466e809a",
                "sha256:8a5712cfd3bb4248015eb3b0b3c54a5f6ee3f2425963ef2a0125b8bc40aafaec"
            ],
            "version": "==0.5.2"
        }
    },
    "develop": {
        "aspy.yaml": {
            "hashes": [
                "sha256:463372c043f70160a9ec950c3f1e4c3a82db5fca01d334b6bc89c7164d744bdc",
                "sha256:e7c742382eff2caed61f87a39d13f99109088e5e93f04d76eb8d4b28aa143f45"
            ],
            "version": "==1.3.0"
        },
        "cached-property": {
            "hashes": [
                "sha256:3a026f1a54135677e7da5ce819b0c690f156f37976f3e30c5430740725203d7f",
                "sha256:9217a59f14a5682da7c4b8829deadbfc194ac22e9908ccf7c8820234e80a1504"
            ],
            "version": "==1.5.1"
        },
        "cfgv": {
            "hashes": [
                "sha256:edb387943b665bf9c434f717bf630fa78aecd53d5900d2e05da6ad6048553144",
                "sha256:fbd93c9ab0a523bf7daec408f3be2ed99a980e20b2d19b50fc184ca6b820d289"
            ],
            "version": "==2.0.1"
        },
        "identify": {
            "hashes": [
                "sha256:9aba2d08a82aa8e6f58810d4887ed3cf103a1befeb1eaf632d9c6fd2d6642542",
                "sha256:b50ffad180b3a93b33a58b42597ef22493240d406ba07cc5058daf70f44b8d7c"
            ],
            "version": "==1.4.6"
        },
        "nodeenv": {
            "hashes": [
                "sha256:ad8259494cf1c9034539f6cced78a1da4840a4b157e23640bc4a0c0546b0cb7a"
            ],
            "version": "==1.3.3"
        },
        "pre-commit": {
            "hashes": [
                "sha256:18ef2892ff6b6518945bc7dcf423e3c969033a4ca132b6a1ae0d52eb2e51ea27",
                "sha256:88d59872610a7069d937b6868632ba534187bda58c4665de12b25c8c549ddd0e"
            ],
            "index": "pypi",
            "version": "==1.11.0"
        },
        "pyyaml": {
            "hashes": [
                "sha256:1adecc22f88d38052fb787d959f003811ca858b799590a5eaa70e63dca50308c",
                "sha256:436bc774ecf7c103814098159fbb84c2715d25980175292c648f2da143909f95",
                "sha256:460a5a4248763f6f37ea225d19d5c205677d8d525f6a83357ca622ed541830c2",
                "sha256:5a22a9c84653debfbf198d02fe592c176ea548cccce47553f35f466e15cf2fd4",
                "sha256:7a5d3f26b89d688db27822343dfa25c599627bc92093e788956372285c6298ad",
                "sha256:9372b04a02080752d9e6f990179a4ab840227c6e2ce15b95e1278456664cf2ba",
                "sha256:a5dcbebee834eaddf3fa7366316b880ff4062e4bcc9787b78c7fbb4a26ff2dd1",
                "sha256:aee5bab92a176e7cd034e57f46e9df9a9862a71f8f37cad167c6fc74c65f5b4e",
                "sha256:c51f642898c0bacd335fc119da60baae0824f2cde95b0330b56c0553439f0673",
                "sha256:c68ea4d3ba1705da1e0d85da6684ac657912679a649e8868bd850d2c299cce13",
                "sha256:e23d0cc5299223dcc37885dae624f382297717e459ea24053709675a976a3e19"
            ],
            "index": "pypi",
            "version": "==5.1"
        },
        "six": {
            "hashes": [
                "sha256:3350809f0555b11f552448330d0b52d5f24c91a322ea4a15ef22629740f3761c",
                "sha256:d16a0141ec1a18405cd4ce8b4613101da75da0e9a7aec5bdd4fa804d0e0eba73"
            ],
            "version": "==1.12.0"
        },
        "toml": {
            "hashes": [
                "sha256:229f81c57791a41d65e399fc06bf0848bab550a9dfd5ed66df18ce5f05e73d5c",
                "sha256:235682dd292d5899d361a811df37e04a8828a5b1da3115886b73cf81ebc9100e"
            ],
            "version": "==0.10.0"
        },
        "virtualenv": {
            "hashes": [
                "sha256:5e4d92f9a36359a745ddb113cabb662e6100e71072a1e566eb6ddfcc95fdb7ed",
                "sha256:b6711690882013bc79e0eac55889d901596f0967165d80adfa338c5729db1c71"
            ],
            "version": "==16.7.3"
        }
    }
}
